
Microsoft Visual Studio Solution File, Format Version 12.00
# Visual Studio Version 17
VisualStudioVersion = 17.7.34024.191
MinimumVisualStudioVersion = 10.0.40219.1
Project("{2150E333-8FDC-42A3-9474-1A3956D46DE8}") = "src", "src", "{CE57D481-353C-4702-9181-15DCF0B9191F}"
EndProject
Project("{2150E333-8FDC-42A3-9474-1A3956D46DE8}") = "Api", "Api", "{E1BF0475-294D-4BEA-92AA-E1DC3E3B17BA}"
EndProject
Project("{2150E333-8FDC-42A3-9474-1A3956D46DE8}") = "Clients", "Clients", "{658CC9A4-E786-4311-964C-FBE628EF366F}"
EndProject
Project("{2150E333-8FDC-42A3-9474-1A3956D46DE8}") = "Commons", "Commons", "{BFB5CBCD-6A6C-48B2-947D-BB9EAFCF06EB}"
EndProject
Project("{2150E333-8FDC-42A3-9474-1A3956D46DE8}") = "Projections", "Projections", "{2993890E-57A5-489D-A349-498576A29C89}"
EndProject
Project("{2150E333-8FDC-42A3-9474-1A3956D46DE8}") = "Core", "Core", "{D7BA8869-A15E-489E-B412-A927454C1014}"
EndProject
Project("{2150E333-8FDC-42A3-9474-1A3956D46DE8}") = "Infrastructure", "Infrastructure", "{342C092E-3571-45D7-96EC-5F8E59BF8E63}"
EndProject
Project("{2150E333-8FDC-42A3-9474-1A3956D46DE8}") = "WebApi", "WebApi", "{E17E5D8A-B3A0-4A69-AA2D-3C5DD391752C}"
EndProject
Project("{2150E333-8FDC-42A3-9474-1A3956D46DE8}") = "BlazorWeb", "BlazorWeb", "{70F86AB7-DBC1-479A-A805-442226CC951D}"
EndProject
Project("{9A19103F-16F7-4668-BE54-9A1E7A4F7556}") = "BlazorSozluk.Common", "src\Common\BlazorSozluk.Common\BlazorSozluk.Common.csproj", "{7D857B4E-0B10-448B-AA0A-A38026A1F456}"
EndProject
Project("{9A19103F-16F7-4668-BE54-9A1E7A4F7556}") = "BlazorSozluk.Api.Domain", "src\Api\Core\BlazorSozluk.Api.Domain\BlazorSozluk.Api.Domain.csproj", "{C77B7C03-2260-4896-BD68-97E5DACD90C2}"
EndProject
Project("{9A19103F-16F7-4668-BE54-9A1E7A4F7556}") = "BlazorSozluk.Api.Application", "src\Api\Core\BlazorSozluk.Api.Application\BlazorSozluk.Api.Application.csproj", "{291D27E5-33EA-4DB9-9E76-CDF20336D83C}"
EndProject
Project("{9A19103F-16F7-4668-BE54-9A1E7A4F7556}") = "BlazorSozluk.Infrastructure.Persistence", "src\Api\Infrastructure\BlazorSozluk.Infrastructure.Persistence\BlazorSozluk.Infrastructure.Persistence.csproj", "{4B6D741A-4ECC-4D60-976C-28F27A8D94B3}"
EndProject
Project("{9A19103F-16F7-4668-BE54-9A1E7A4F7556}") = "BlazorSozluk.Api.WebApi", "src\Api\WebApi\BlazorSozluk.Api.WebApi\BlazorSozluk.Api.WebApi.csproj", "{1083E838-44A5-40E1-8243-58307CEACB7A}"
EndProject
Project("{9A19103F-16F7-4668-BE54-9A1E7A4F7556}") = "BlazorSozluk.Projections.FavoriteService", "src\Projections\BlazorSozluk.Projections.FavoriteService\BlazorSozluk.Projections.FavoriteService.csproj", "{AF995B2C-E1DB-4377-9E96-9C0D334EAAFF}"
EndProject
Project("{9A19103F-16F7-4668-BE54-9A1E7A4F7556}") = "BlazorSozluk.Projections.UserService", "src\Projections\BlazorSozluk.Projections.User\BlazorSozluk.Projections.UserService.csproj", "{D3583618-8FEB-4D16-B37C-F3A6E31F9B2E}"
EndProject
Project("{9A19103F-16F7-4668-BE54-9A1E7A4F7556}") = "BlazorSozluk.Projections.VoteService", "src\Projections\BlazorSozluk.Projections.VoteService\BlazorSozluk.Projections.VoteService.csproj", "{4BAC3254-FF8D-4A9C-8E98-C937F94150D3}"
EndProject
Project("{9A19103F-16F7-4668-BE54-9A1E7A4F7556}") = "BlazorSozluk.WebApp", "src\Clients\BlazorWeb\BlazorSozluk.WebApp\BlazorSozluk.WebApp.csproj", "{AC17B950-A47C-4A09-B6D4-26761B948856}"
EndProject
Global
	GlobalSection(SolutionConfigurationPlatforms) = preSolution
		Debug|Any CPU = Debug|Any CPU
		Release|Any CPU = Release|Any CPU
	EndGlobalSection
	GlobalSection(ProjectConfigurationPlatforms) = postSolution
		{7D857B4E-0B10-448B-AA0A-A38026A1F456}.Debug|Any CPU.ActiveCfg = Debug|Any CPU
		{7D857B4E-0B10-448B-AA0A-A38026A1F456}.Debug|Any CPU.Build.0 = Debug|Any CPU
		{7D857B4E-0B10-448B-AA0A-A38026A1F456}.Release|Any CPU.ActiveCfg = Release|Any CPU
		{7D857B4E-0B10-448B-AA0A-A38026A1F456}.Release|Any CPU.Build.0 = Release|Any CPU
		{C77B7C03-2260-4896-BD68-97E5DACD90C2}.Debug|Any CPU.ActiveCfg = Debug|Any CPU
		{C77B7C03-2260-4896-BD68-97E5DACD90C2}.Debug|Any CPU.Build.0 = Debug|Any CPU
		{C77B7C03-2260-4896-BD68-97E5DACD90C2}.Release|Any CPU.ActiveCfg = Release|Any CPU
		{C77B7C03-2260-4896-BD68-97E5DACD90C2}.Release|Any CPU.Build.0 = Release|Any CPU
		{291D27E5-33EA-4DB9-9E76-CDF20336D83C}.Debug|Any CPU.ActiveCfg = Debug|Any CPU
		{291D27E5-33EA-4DB9-9E76-CDF20336D83C}.Debug|Any CPU.Build.0 = Debug|Any CPU
		{291D27E5-33EA-4DB9-9E76-CDF20336D83C}.Release|Any CPU.ActiveCfg = Release|Any CPU
		{291D27E5-33EA-4DB9-9E76-CDF20336D83C}.Release|Any CPU.Build.0 = Release|Any CPU
		{4B6D741A-4ECC-4D60-976C-28F27A8D94B3}.Debug|Any CPU.ActiveCfg = Debug|Any CPU
		{4B6D741A-4ECC-4D60-976C-28F27A8D94B3}.Debug|Any CPU.Build.0 = Debug|Any CPU
		{4B6D741A-4ECC-4D60-976C-28F27A8D94B3}.Release|Any CPU.ActiveCfg = Release|Any CPU
		{4B6D741A-4ECC-4D60-976C-28F27A8D94B3}.Release|Any CPU.Build.0 = Release|Any CPU
		{1083E838-44A5-40E1-8243-58307CEACB7A}.Debug|Any CPU.ActiveCfg = Debug|Any CPU
		{1083E838-44A5-40E1-8243-58307CEACB7A}.Debug|Any CPU.Build.0 = Debug|Any CPU
		{1083E838-44A5-40E1-8243-58307CEACB7A}.Release|Any CPU.ActiveCfg = Release|Any CPU
		{1083E838-44A5-40E1-8243-58307CEACB7A}.Release|Any CPU.Build.0 = Release|Any CPU
		{AF995B2C-E1DB-4377-9E96-9C0D334EAAFF}.Debug|Any CPU.ActiveCfg = Debug|Any CPU
		{AF995B2C-E1DB-4377-9E96-9C0D334EAAFF}.Debug|Any CPU.Build.0 = Debug|Any CPU
		{AF995B2C-E1DB-4377-9E96-9C0D334EAAFF}.Release|Any CPU.ActiveCfg = Release|Any CPU
		{AF995B2C-E1DB-4377-9E96-9C0D334EAAFF}.Release|Any CPU.Build.0 = Release|Any CPU
		{D3583618-8FEB-4D16-B37C-F3A6E31F9B2E}.Debug|Any CPU.ActiveCfg = Debug|Any CPU
		{D3583618-8FEB-4D16-B37C-F3A6E31F9B2E}.Debug|Any CPU.Build.0 = Debug|Any CPU
		{D3583618-8FEB-4D16-B37C-F3A6E31F9B2E}.Release|Any CPU.ActiveCfg = Release|Any CPU
		{D3583618-8FEB-4D16-B37C-F3A6E31F9B2E}.Release|Any CPU.Build.0 = Release|Any CPU
		{4BAC3254-FF8D-4A9C-8E98-C937F94150D3}.Debug|Any CPU.ActiveCfg = Debug|Any CPU
		{4BAC3254-FF8D-4A9C-8E98-C937F94150D3}.Debug|Any CPU.Build.0 = Debug|Any CPU
		{4BAC3254-FF8D-4A9C-8E98-C937F94150D3}.Release|Any CPU.ActiveCfg = Release|Any CPU
		{4BAC3254-FF8D-4A9C-8E98-C937F94150D3}.Release|Any CPU.Build.0 = Release|Any CPU
		{AC17B950-A47C-4A09-B6D4-26761B948856}.Debug|Any CPU.ActiveCfg = Debug|Any CPU
		{AC17B950-A47C-4A09-B6D4-26761B948856}.Debug|Any CPU.Build.0 = Debug|Any CPU
		{AC17B950-A47C-4A09-B6D4-26761B948856}.Release|Any CPU.ActiveCfg = Release|Any CPU
		{AC17B950-A47C-4A09-B6D4-26761B948856}.Release|Any CPU.Build.0 = Release|Any CPU
	EndGlobalSection
	GlobalSection(SolutionProperties) = preSolution
		HideSolutionNode = FALSE
	EndGlobalSection
	GlobalSection(NestedProjects) = preSolution
		{E1BF0475-294D-4BEA-92AA-E1DC3E3B17BA} = {CE57D481-353C-4702-9181-15DCF0B9191F}
		{658CC9A4-E786-4311-964C-FBE628EF366F} = {CE57D481-353C-4702-9181-15DCF0B9191F}
		{BFB5CBCD-6A6C-48B2-947D-BB9EAFCF06EB} = {CE57D481-353C-4702-9181-15DCF0B9191F}
		{2993890E-57A5-489D-A349-498576A29C89} = {CE57D481-353C-4702-9181-15DCF0B9191F}
		{D7BA8869-A15E-489E-B412-A927454C1014} = {E1BF0475-294D-4BEA-92AA-E1DC3E3B17BA}
		{342C092E-3571-45D7-96EC-5F8E59BF8E63} = {E1BF0475-294D-4BEA-92AA-E1DC3E3B17BA}
		{E17E5D8A-B3A0-4A69-AA2D-3C5DD391752C} = {E1BF0475-294D-4BEA-92AA-E1DC3E3B17BA}
		{70F86AB7-DBC1-479A-A805-442226CC951D} = {658CC9A4-E786-4311-964C-FBE628EF366F}
		{7D857B4E-0B10-448B-AA0A-A38026A1F456} = {BFB5CBCD-6A6C-48B2-947D-BB9EAFCF06EB}
		{C77B7C03-2260-4896-BD68-97E5DACD90C2} = {D7BA8869-A15E-489E-B412-A927454C1014}
		{291D27E5-33EA-4DB9-9E76-CDF20336D83C} = {D7BA8869-A15E-489E-B412-A927454C1014}
		{4B6D741A-4ECC-4D60-976C-28F27A8D94B3} = {342C092E-3571-45D7-96EC-5F8E59BF8E63}
		{1083E838-44A5-40E1-8243-58307CEACB7A} = {E17E5D8A-B3A0-4A69-AA2D-3C5DD391752C}
		{AF995B2C-E1DB-4377-9E96-9C0D334EAAFF} = {2993890E-57A5-489D-A349-498576A29C89}
		{D3583618-8FEB-4D16-B37C-F3A6E31F9B2E} = {2993890E-57A5-489D-A349-498576A29C89}
		{4BAC3254-FF8D-4A9C-8E98-C937F94150D3} = {2993890E-57A5-489D-A349-498576A29C89}
		{AC17B950-A47C-4A09-B6D4-26761B948856} = {70F86AB7-DBC1-479A-A805-442226CC951D}
	EndGlobalSection
	GlobalSection(ExtensibilityGlobals) = postSolution
		SolutionGuid = {F489F194-B241-4703-A9D6-2094CC7F3A4B}
	EndGlobalSection
EndGlobal
